github.com/mattn/go-runewidth v0.0.9 h1:Lm995f3rfxdpd6TSmuVCHVb/QhupuXlYr8sCI/QdE+0=
github.com/mattn/go-runewidth v0.0.9/go.mod h1:H031xJmbD/WCDINGzjvQ9THkh0rPKHF+m2gUSrubnMI=
github.com/miekg/pkcs11 v0.0.0-20190329070431-55f3fac3af27 h1:XA/VH+SzpYyukhgh7v2mTp8rZoKKITXR/x3FIizVEXs=
github.com/miekg/pkcs11 v0.0.0-20190329070431-55f3fac3af27/go.mod h1:WCBAbTOdfhHhz7YXujeZMF7owC4tPb1naKFsgfUISjo=
github.com/olekukonko/tablewriter v0.0.5 h1:P2Ga83D34wi1o9J6Wh1mRuqd4mF/x/lgBS7N7AbDhec=
github.com/olekukonko/tablewriter v0.0.5/go.mod h1:hPp6KlRPjbx+hW8ykQs1w3UBbZlj6HuIJcUGPhkA7kY=
